
Microsoft Visual Studio Solution File, Format Version 12.00
# Visual Studio 15
VisualStudioVersion = 15.0.28307.168
MinimumVisualStudioVersion = 10.0.40219.1
Project("{2150E333-8FDC-42A3-9474-1A3956D46DE8}") = "Solution Items", "Solution Items", "{A8F71FD2-FCE9-400D-8336-156143D69D66}"
	ProjectSection(SolutionItems) = preProject
		employee.html = employee.html
		..\Solution1\HTMLPage1.html = ..\Solution1\HTMLPage1.html
		..\Solution1\HTMLPage2.html = ..\Solution1\HTMLPage2.html
		..\Solution1\HTMLPage3.html = ..\Solution1\HTMLPage3.html
		..\Solution1\HTMLPage4.html = ..\Solution1\HTMLPage4.html
		Script1.js = Script1.js
		..\Solution1\Script1.js = ..\Solution1\Script1.js
		..\Solution1\Script2.js = ..\Solution1\Script2.js
		..\Solution1\Script3.js = ..\Solution1\Script3.js
		..\Solution1\StyleSheet1.css = ..\Solution1\StyleSheet1.css
		StyleSheet2.css = StyleSheet2.css
	EndProjectSection
EndProject
Project("{2150E333-8FDC-42A3-9474-1A3956D46DE8}") = "Solution Items", "Solution Items", "{A8F71FD2-FCE9-400D-8336-156143D69D66}"
	ProjectSection(SolutionItems) = preProject
		employee.html = employee.html
		..\Solution1\HTMLPage1.html = ..\Solution1\HTMLPage1.html
		..\Solution1\HTMLPage2.html = ..\Solution1\HTMLPage2.html
		..\Solution1\HTMLPage3.html = ..\Solution1\HTMLPage3.html
		..\Solution1\HTMLPage4.html = ..\Solution1\HTMLPage4.html
		Script1.js = Script1.js
		..\Solution1\Script1.js = ..\Solution1\Script1.js
		..\Solution1\Script2.js = ..\Solution1\Script2.js
		..\Solution1\Script3.js = ..\Solution1\Script3.js
		..\Solution1\StyleSheet1.css = ..\Solution1\StyleSheet1.css
		StyleSheet2.css = StyleSheet2.css
	EndProjectSection
EndProject
Global
	GlobalSection(SolutionProperties) = preSolution
		HideSolutionNode = FALSE
	EndGlobalSection
	GlobalSection(ExtensibilityGlobals) = postSolution
		SolutionGuid = {BE7D1C12-93C7-4082-BAA4-FFE58B630369}
	EndGlobalSection
EndGlobal
